
Microsoft Visual Studio Solution File, Format Version 12.00
# Visual Studio Version 17
VisualStudioVersion = 17.0.32126.317
MinimumVisualStudioVersion = 10.0.40219.1
Project("{FAE04EC0-301F-11D3-BF4B-00C04F79EFBC}") = "Prueba1", "Prueba1.csproj", "{0A371A98-B432-4E59-B9F3-366B32DB1BDB}"
EndProject
Global
	GlobalSection(SolutionConfigurationPlatforms) = preSolution
		Debug|Any CPU = Debug|Any CPU
		Release|Any CPU = Release|Any CPU
	EndGlobalSection
	GlobalSection(ProjectConfigurationPlatforms) = postSolution
		{0A371A98-B432-4E59-B9F3-366B32DB1BDB}.Debug|Any CPU.ActiveCfg = Debug|Any CPU
		{0A371A98-B432-4E59-B9F3-366B32DB1BDB}.Debug|Any CPU.Build.0 = Debug|Any CPU
		{0A371A98-B432-4E59-B9F3-366B32DB1BDB}.Release|Any CPU.ActiveCfg = Release|Any CPU
		{0A371A98-B432-4E59-B9F3-366B32DB1BDB}.Release|Any CPU.Build.0 = Release|Any CPU
	EndGlobalSection
	GlobalSection(SolutionProperties) = preSolution
		HideSolutionNode = FALSE
	EndGlobalSection
	GlobalSection(ExtensibilityGlobals) = postSolution
		SolutionGuid = {A0E5FF3B-7F00-4D93-8AB8-0AA606ED9A38}
	EndGlobalSection
EndGlobal
