
Microsoft Visual Studio Solution File, Format Version 12.00
# Visual Studio Version 17
VisualStudioVersion = 17.0.32126.317
MinimumVisualStudioVersion = 10.0.40219.1
Project("{FAE04EC0-301F-11D3-BF4B-00C04F79EFBC}") = "Prueba 2", "Prueba 2.csproj", "{E1417288-F08B-46F8-B217-10A688FDD850}"
EndProject
Global
	GlobalSection(SolutionConfigurationPlatforms) = preSolution
		Debug|Any CPU = Debug|Any CPU
		Release|Any CPU = Release|Any CPU
	EndGlobalSection
	GlobalSection(ProjectConfigurationPlatforms) = postSolution
		{E1417288-F08B-46F8-B217-10A688FDD850}.Debug|Any CPU.ActiveCfg = Debug|Any CPU
		{E1417288-F08B-46F8-B217-10A688FDD850}.Debug|Any CPU.Build.0 = Debug|Any CPU
		{E1417288-F08B-46F8-B217-10A688FDD850}.Release|Any CPU.ActiveCfg = Release|Any CPU
		{E1417288-F08B-46F8-B217-10A688FDD850}.Release|Any CPU.Build.0 = Release|Any CPU
	EndGlobalSection
	GlobalSection(SolutionProperties) = preSolution
		HideSolutionNode = FALSE
	EndGlobalSection
	GlobalSection(ExtensibilityGlobals) = postSolution
		SolutionGuid = {C296248C-44C6-404E-BA66-EB26BD479D01}
	EndGlobalSection
EndGlobal
